{
    "name": "video-hosting",
    "version": "1.41.1",
    "lockfileVersion": 3,
    "requires": true,
    "packages": {
        "": {
            "dependencies": {
                "next": "^13.1.1",
                "react": "^18.2.0",
                "react-dom": "^18.2.0",
                "react-icon": "^1.0.0",
                "video.js": "^7.20.3"
            }
        },
        "node_modules/@babel/runtime": {
            "version": "7.20.7",
            "resolved": "https://registry.npmjs.org/@babel/runtime/-/runtime-7.20.7.tgz",
            "integrity": "sha512-UF0tvkUtxwAgZ5W/KrkHf0Rn0fdnLDU9ScxBrEVNUprE/MzirjK4MJUX1/BVDv00Sv8cljtukVK1aky++X1SjQ==",
            "dependencies": {
                "regenerator-runtime": "^0.13.11"
            },
            "engines": {
                "node": ">=6.9.0"
            }
        },
        "node_modules/@next/env": {
            "version": "13.1.1",
            "resolved": "https://registry.npmjs.org/@next/env/-/env-13.1.1.tgz",
            "integrity": "sha512-vFMyXtPjSAiOXOywMojxfKIqE3VWN5RCAx+tT3AS3pcKjMLFTCJFUWsKv8hC+87Z1F4W3r68qTwDFZIFmd5Xkw=="
        },
        "node_modules/@next/swc-android-arm-eabi": {
            "version": "13.1.1",
            "resolved": "https://registry.npmjs.org/@next/swc-android-arm-eabi/-/swc-android-arm-eabi-13.1.1.tgz",
            "integrity": "sha512-qnFCx1kT3JTWhWve4VkeWuZiyjG0b5T6J2iWuin74lORCupdrNukxkq9Pm+Z7PsatxuwVJMhjUoYz7H4cWzx2A==",
            "cpu": [
                "arm"
            ],
            "optional": true,
            "os": [
                "android"
            ],
            "engines": {
                "node": ">= 10"
            }
        },
        "node_modules/@next/swc-android-arm64": {
            "version": "13.1.1",
            "resolved": "https://registry.npmjs.org/@next/swc-android-arm64/-/swc-android-arm64-13.1.1.tgz",
            "integrity": "sha512-eCiZhTzjySubNqUnNkQCjU3Fh+ep3C6b5DCM5FKzsTH/3Gr/4Y7EiaPZKILbvnXmhWtKPIdcY6Zjx51t4VeTfA==",
            "cpu": [
                "arm64"
            ],
            "optional": true,
            "os": [
                "android"
            ],
            "engines": {
                "node": ">= 10"
            }
        },
        "node_modules/@next/swc-darwin-arm64": {
            "version": "13.1.1",
            "resolved": "https://registry.npmjs.org/@next/swc-darwin-arm64/-/swc-darwin-arm64-13.1.1.tgz",
            "integrity": "sha512-9zRJSSIwER5tu9ADDkPw5rIZ+Np44HTXpYMr0rkM656IvssowPxmhK0rTreC1gpUCYwFsRbxarUJnJsTWiutPg==",
            "cpu": [
                "arm64"
            ],
            "optional": true,
            "os": [
                "darwin"
            ],
            "engines": {
                "node": ">= 10"
            }
        },
        "node_modules/@next/swc-darwin-x64": {
            "version": "13.1.1",
            "resolved": "https://registry.npmjs.org/@next/swc-darwin-x64/-/swc-darwin-x64-13.1.1.tgz",
            "integrity": "sha512-qWr9qEn5nrnlhB0rtjSdR00RRZEtxg4EGvicIipqZWEyayPxhUu6NwKiG8wZiYZCLfJ5KWr66PGSNeDMGlNaiA==",
            "cpu": [
                "x64"
            ],
            "optional": true,
            "os": [
                "darwin"
            ],
            "engines": {
                "node": ">= 10"
            }
        },
        "node_modules/@next/swc-freebsd-x64": {
            "version": "13.1.1",
            "resolved": "https://registry.npmjs.org/@next/swc-freebsd-x64/-/swc-freebsd-x64-13.1.1.tgz",
            "integrity": "sha512-UwP4w/NcQ7V/VJEj3tGVszgb4pyUCt3lzJfUhjDMUmQbzG9LDvgiZgAGMYH6L21MoyAATJQPDGiAMWAPKsmumA==",
            "cpu": [
                "x64"
            ],
            "optional": true,
            "os": [
                "freebsd"
            ],
            "engines": {
                "node": ">= 10"
            }
        },
        "node_modules/@next/swc-linux-arm-gnueabihf": {
            "version": "13.1.1",
            "resolved": "https://registry.npmjs.org/@next/swc-linux-arm-gnueabihf/-/swc-linux-arm-gnueabihf-13.1.1.tgz",
            "integrity": "sha512-CnsxmKHco9sosBs1XcvCXP845Db+Wx1G0qouV5+Gr+HT/ZlDYEWKoHVDgnJXLVEQzq4FmHddBNGbXvgqM1Gfkg==",
            "cpu": [
                "arm"
            ],
            "optional": true,
            "os": [
                "linux"
            ],
            "engines": {
                "node": ">= 10"
            }
        },
        "node_modules/@next/swc-linux-arm64-gnu": {
            "version": "13.1.1",
            "resolved": "https://registry.npmjs.org/@next/swc-linux-arm64-gnu/-/swc-linux-arm64-gnu-13.1.1.tgz",
            "integrity": "sha512-JfDq1eri5Dif+VDpTkONRd083780nsMCOKoFG87wA0sa4xL8LGcXIBAkUGIC1uVy9SMsr2scA9CySLD/i+Oqiw==",
            "cpu": [
                "arm64"
            ],
            "optional": true,
            "os": [
                "linux"
            ],
            "engines": {
                "node": ">= 10"
            }
        },
        "node_modules/@next/swc-linux-arm64-musl": {
            "version": "13.1.1",
            "resolved": "https://registry.npmjs.org/@next/swc-linux-arm64-musl/-/swc-linux-arm64-musl-13.1.1.tgz",
            "integrity": "sha512-GA67ZbDq2AW0CY07zzGt07M5b5Yaq5qUpFIoW3UFfjOPgb0Sqf3DAW7GtFMK1sF4ROHsRDMGQ9rnT0VM2dVfKA==",
            "cpu": [
                "arm64"
            ],
            "optional": true,
            "os": [
                "linux"
            ],
            "engines": {
                "node": ">= 10"
            }
        },
        "node_modules/@next/swc-linux-x64-gnu": {
            "version": "13.1.1",
            "resolved": "https://registry.npmjs.org/@next/swc-linux-x64-gnu/-/swc-linux-x64-gnu-13.1.1.tgz",
            "integrity": "sha512-nnjuBrbzvqaOJaV+XgT8/+lmXrSCOt1YYZn/irbDb2fR2QprL6Q7WJNgwsZNxiLSfLdv+2RJGGegBx9sLBEzGA==",
            "cpu": [
                "x64"
            ],
            "optional": true,
            "os": [
                "linux"
            ],
            "engines": {
                "node": ">= 10"
            }
        },
        "node_modules/@next/swc-linux-x64-musl": {
            "version": "13.1.1",
            "resolved": "https://registry.npmjs.org/@next/swc-linux-x64-musl/-/swc-linux-x64-musl-13.1.1.tgz",
            "integrity": "sha512-CM9xnAQNIZ8zf/igbIT/i3xWbQZYaF397H+JroF5VMOCUleElaMdQLL5riJml8wUfPoN3dtfn2s4peSr3azz/g==",
            "cpu": [
                "x64"
            ],
            "optional": true,
            "os": [
                "linux"
            ],
            "engines": {
                "node": ">= 10"
            }
        },
        "node_modules/@next/swc-win32-arm64-msvc": {
            "version": "13.1.1",
            "resolved": "https://registry.npmjs.org/@next/swc-win32-arm64-msvc/-/swc-win32-arm64-msvc-13.1.1.tgz",
            "integrity": "sha512-pzUHOGrbgfGgPlOMx9xk3QdPJoRPU+om84hqVoe6u+E0RdwOG0Ho/2UxCgDqmvpUrMab1Deltlt6RqcXFpnigQ==",
            "cpu": [
                "arm64"
            ],
            "optional": true,
            "os": [
                "win32"
            ],
            "engines": {
                "node": ">= 10"
            }
        },
        "node_modules/@next/swc-win32-ia32-msvc": {
            "version": "13.1.1",
            "resolved": "https://registry.npmjs.org/@next/swc-win32-ia32-msvc/-/swc-win32-ia32-msvc-13.1.1.tgz",
            "integrity": "sha512-WeX8kVS46aobM9a7Xr/kEPcrTyiwJqQv/tbw6nhJ4fH9xNZ+cEcyPoQkwPo570dCOLz3Zo9S2q0E6lJ/EAUOBg==",
            "cpu": [
                "ia32"
            ],
            "optional": true,
            "os": [
                "win32"
            ],
            "engines": {
                "node": ">= 10"
            }
        },
        "node_modules/@next/swc-win32-x64-msvc": {
            "version": "13.1.1",
            "resolved": "https://registry.npmjs.org/@next/swc-win32-x64-msvc/-/swc-win32-x64-msvc-13.1.1.tgz",
            "integrity": "sha512-mVF0/3/5QAc5EGVnb8ll31nNvf3BWpPY4pBb84tk+BfQglWLqc5AC9q1Ht/YMWiEgs8ALNKEQ3GQnbY0bJF2Gg==",
            "cpu": [
                "x64"
            ],
            "optional": true,
            "os": [
                "win32"
            ],
            "engines": {
                "node": ">= 10"
            }
        },
        "node_modules/@swc/helpers": {
            "version": "0.4.14",
            "resolved": "https://registry.npmjs.org/@swc/helpers/-/helpers-0.4.14.tgz",
            "integrity": "sha512-4C7nX/dvpzB7za4Ql9K81xK3HPxCpHMgwTZVyf+9JQ6VUbn9jjZVN7/Nkdz/Ugzs2CSjqnL/UPXroiVBVHUWUw==",
            "dependencies": {
                "tslib": "^2.4.0"
            }
        },
        "node_modules/@videojs/http-streaming": {
            "version": "2.14.3",
            "resolved": "https://registry.npmjs.org/@videojs/http-streaming/-/http-streaming-2.14.3.tgz",
            "integrity": "sha512-2tFwxCaNbcEZzQugWf8EERwNMyNtspfHnvxRGRABQs09W/5SqmkWFuGWfUAm4wQKlXGfdPyAJ1338ASl459xAA==",
            "dependencies": {
                "@babel/runtime": "^7.12.5",
                "@videojs/vhs-utils": "3.0.5",
                "aes-decrypter": "3.1.3",
                "global": "^4.4.0",
                "m3u8-parser": "4.7.1",
                "mpd-parser": "0.21.1",
                "mux.js": "6.0.1",
                "video.js": "^6 || ^7"
            },
            "engines": {
                "node": ">=8",
                "npm": ">=5"
            },
            "peerDependencies": {
                "video.js": "^6 || ^7"
            }
        },
        "node_modules/@videojs/vhs-utils": {
            "version": "3.0.5",
            "resolved": "https://registry.npmjs.org/@videojs/vhs-utils/-/vhs-utils-3.0.5.tgz",
            "integrity": "sha512-PKVgdo8/GReqdx512F+ombhS+Bzogiofy1LgAj4tN8PfdBx3HSS7V5WfJotKTqtOWGwVfSWsrYN/t09/DSryrw==",
            "dependencies": {
                "@babel/runtime": "^7.12.5",
                "global": "^4.4.0",
                "url-toolkit": "^2.2.1"
            },
            "engines": {
                "node": ">=8",
                "npm": ">=5"
            }
        },
        "node_modules/@videojs/xhr": {
            "version": "2.6.0",
            "resolved": "https://registry.npmjs.org/@videojs/xhr/-/xhr-2.6.0.tgz",
            "integrity": "sha512-7J361GiN1tXpm+gd0xz2QWr3xNWBE+rytvo8J3KuggFaLg+U37gZQ2BuPLcnkfGffy2e+ozY70RHC8jt7zjA6Q==",
            "dependencies": {
                "@babel/runtime": "^7.5.5",
                "global": "~4.4.0",
                "is-function": "^1.0.1"
            }
        },
        "node_modules/@xmldom/xmldom": {
            "version": "0.7.9",
            "resolved": "https://registry.npmjs.org/@xmldom/xmldom/-/xmldom-0.7.9.tgz",
            "integrity": "sha512-yceMpm/xd4W2a85iqZyO09gTnHvXF6pyiWjD2jcOJs7hRoZtNNOO1eJlhHj1ixA+xip2hOyGn+LgcvLCMo5zXA==",
            "engines": {
                "node": ">=10.0.0"
            }
        },
        "node_modules/aes-decrypter": {
            "version": "3.1.3",
            "resolved": "https://registry.npmjs.org/aes-decrypter/-/aes-decrypter-3.1.3.tgz",
            "integrity": "sha512-VkG9g4BbhMBy+N5/XodDeV6F02chEk9IpgRTq/0bS80y4dzy79VH2Gtms02VXomf3HmyRe3yyJYkJ990ns+d6A==",
            "dependencies": {
                "@babel/runtime": "^7.12.5",
                "@videojs/vhs-utils": "^3.0.5",
                "global": "^4.4.0",
                "pkcs7": "^1.0.4"
            }
        },
        "node_modules/babel-runtime": {
            "version": "5.8.38",
            "resolved": "https://registry.npmjs.org/babel-runtime/-/babel-runtime-5.8.38.tgz",
            "integrity": "sha512-KpgoA8VE/pMmNCrnEeeXqFG24TIH11Z3ZaimIhJWsin8EbfZy3WzFKUTIan10ZIDgRVvi9EkLbruJElJC9dRlg==",
            "peer": true,
            "dependencies": {
                "core-js": "^1.0.0"
            }
        },
        "node_modules/caniuse-lite": {
            "version": "1.0.30001442",
            "resolved": "https://registry.npmjs.org/caniuse-lite/-/caniuse-lite-1.0.30001442.tgz",
            "integrity": "sha512-239m03Pqy0hwxYPYR5JwOIxRJfLTWtle9FV8zosfV5pHg+/51uD4nxcUlM8+mWWGfwKtt8lJNHnD3cWw9VZ6ow==",
            "funding": [
                {
                    "type": "opencollective",
                    "url": "https://opencollective.com/browserslist"
                },
                {
                    "type": "tidelift",
                    "url": "https://tidelift.com/funding/github/npm/caniuse-lite"
                }
            ]
        },
        "node_modules/client-only": {
            "version": "0.0.1",
            "resolved": "https://registry.npmjs.org/client-only/-/client-only-0.0.1.tgz",
            "integrity": "sha512-IV3Ou0jSMzZrd3pZ48nLkT9DA7Ag1pnPzaiQhpW7c3RbcqqzvzzVu+L8gfqMp/8IM2MQtSiqaCxrrcfu8I8rMA=="
        },
        "node_modules/core-js": {
            "version": "1.2.7",
            "resolved": "https://registry.npmjs.org/core-js/-/core-js-1.2.7.tgz",
            "integrity": "sha512-ZiPp9pZlgxpWRu0M+YWbm6+aQ84XEfH1JRXvfOc/fILWI0VKhLC2LX13X1NYq4fULzLMq7Hfh43CSo2/aIaUPA==",
            "deprecated": "core-js@<3.23.3 is no longer maintained and not recommended for usage due to the number of issues. Because of the V8 engine whims, feature detection in old core-js versions could cause a slowdown up to 100x even if nothing is polyfilled. Some versions have web compatibility issues. Please, upgrade your dependencies to the actual version of core-js.",
            "peer": true
        },
        "node_modules/dom-walk": {
            "version": "0.1.2",
            "resolved": "https://registry.npmjs.org/dom-walk/-/dom-walk-0.1.2.tgz",
            "integrity": "sha512-6QvTW9mrGeIegrFXdtQi9pk7O/nSK6lSdXW2eqUspN5LWD7UTji2Fqw5V2YLjBpHEoU9Xl/eUWNpDeZvoyOv2w=="
        },
        "node_modules/global": {
            "version": "4.4.0",
            "resolved": "https://registry.npmjs.org/global/-/global-4.4.0.tgz",
            "integrity": "sha512-wv/LAoHdRE3BeTGz53FAamhGlPLhlssK45usmGFThIi4XqnBmjKQ16u+RNbP7WvigRZDxUsM0J3gcQ5yicaL0w==",
            "dependencies": {
                "min-document": "^2.19.0",
                "process": "^0.11.10"
            }
        },
        "node_modules/individual": {
            "version": "2.0.0",
            "resolved": "https://registry.npmjs.org/individual/-/individual-2.0.0.tgz",
            "integrity": "sha512-pWt8hBCqJsUWI/HtcfWod7+N9SgAqyPEaF7JQjwzjn5vGrpg6aQ5qeAFQ7dx//UH4J1O+7xqew+gCeeFt6xN/g=="
        },
        "node_modules/is-function": {
            "version": "1.0.2",
            "resolved": "https://registry.npmjs.org/is-function/-/is-function-1.0.2.tgz",
            "integrity": "sha512-lw7DUp0aWXYg+CBCN+JKkcE0Q2RayZnSvnZBlwgxHBQhqt5pZNVy4Ri7H9GmmXkdu7LUthszM+Tor1u/2iBcpQ=="
        },
        "node_modules/js-tokens": {
            "version": "4.0.0",
            "resolved": "https://registry.npmjs.org/js-tokens/-/js-tokens-4.0.0.tgz",
            "integrity": "sha512-RdJUflcE3cUzKiMqQgsCu06FPu9UdIJO0beYbPhHN4k6apgJtifcoCtT9bcxOpYBtpD2kCM6Sbzg4CausW/PKQ=="
        },
        "node_modules/keycode": {
            "version": "2.2.1",
            "resolved": "https://registry.npmjs.org/keycode/-/keycode-2.2.1.tgz",
            "integrity": "sha512-Rdgz9Hl9Iv4QKi8b0OlCRQEzp4AgVxyCtz5S/+VIHezDmrDhkp2N2TqBWOLz0/gbeREXOOiI9/4b8BY9uw2vFg=="
        },
        "node_modules/loose-envify": {
            "version": "1.4.0",
            "resolved": "https://registry.npmjs.org/loose-envify/-/loose-envify-1.4.0.tgz",
            "integrity": "sha512-lyuxPGr/Wfhrlem2CL/UcnUc1zcqKAImBDzukY7Y5F/yQiNdko6+fRLevlw1HgMySw7f611UIY408EtxRSoK3Q==",
            "dependencies": {
                "js-tokens": "^3.0.0 || ^4.0.0"
            },
            "bin": {
                "loose-envify": "cli.js"
            }
        },
        "node_modules/m3u8-parser": {
            "version": "4.7.1",
            "resolved": "https://registry.npmjs.org/m3u8-parser/-/m3u8-parser-4.7.1.tgz",
            "integrity": "sha512-pbrQwiMiq+MmI9bl7UjtPT3AK603PV9bogNlr83uC+X9IoxqL5E4k7kU7fMQ0dpRgxgeSMygqUa0IMLQNXLBNA==",
            "dependencies": {
                "@babel/runtime": "^7.12.5",
                "@videojs/vhs-utils": "^3.0.5",
                "global": "^4.4.0"
            }
        },
        "node_modules/min-document": {
            "version": "2.19.0",
            "resolved": "https://registry.npmjs.org/min-document/-/min-document-2.19.0.tgz",
            "integrity": "sha512-9Wy1B3m3f66bPPmU5hdA4DR4PB2OfDU/+GS3yAB7IQozE3tqXaVv2zOjgla7MEGSRv95+ILmOuvhLkOK6wJtCQ==",
            "dependencies": {
                "dom-walk": "^0.1.0"
            }
        },
        "node_modules/mpd-parser": {
            "version": "0.21.1",
            "resolved": "https://registry.npmjs.org/mpd-parser/-/mpd-parser-0.21.1.tgz",
            "integrity": "sha512-BxlSXWbKE1n7eyEPBnTEkrzhS3PdmkkKdM1pgKbPnPOH0WFZIc0sPOWi7m0Uo3Wd2a4Or8Qf4ZbS7+ASqQ49fw==",
            "dependencies": {
                "@babel/runtime": "^7.12.5",
                "@videojs/vhs-utils": "^3.0.5",
                "@xmldom/xmldom": "^0.7.2",
                "global": "^4.4.0"
            },
            "bin": {
                "mpd-to-m3u8-json": "bin/parse.js"
            }
        },
        "node_modules/mux.js": {
            "version": "6.0.1",
            "resolved": "https://registry.npmjs.org/mux.js/-/mux.js-6.0.1.tgz",
            "integrity": "sha512-22CHb59rH8pWGcPGW5Og7JngJ9s+z4XuSlYvnxhLuc58cA1WqGDQPzuG8I+sPm1/p0CdgpzVTaKW408k5DNn8w==",
            "dependencies": {
                "@babel/runtime": "^7.11.2",
                "global": "^4.4.0"
            },
            "bin": {
                "muxjs-transmux": "bin/transmux.js"
            },
            "engines": {
                "node": ">=8",
                "npm": ">=5"
            }
        },
        "node_modules/nanoid": {
            "version": "3.3.4",
            "resolved": "https://registry.npmjs.org/nanoid/-/nanoid-3.3.4.tgz",
            "integrity": "sha512-MqBkQh/OHTS2egovRtLk45wEyNXwF+cokD+1YPf9u5VfJiRdAiRwB2froX5Co9Rh20xs4siNPm8naNotSD6RBw==",
            "bin": {
                "nanoid": "bin/nanoid.cjs"
            },
            "engines": {
                "node": "^10 || ^12 || ^13.7 || ^14 || >=15.0.1"
            }
        },
        "node_modules/next": {
            "version": "13.1.1",
            "resolved": "https://registry.npmjs.org/next/-/next-13.1.1.tgz",
            "integrity": "sha512-R5eBAaIa3X7LJeYvv1bMdGnAVF4fVToEjim7MkflceFPuANY3YyvFxXee/A+acrSYwYPvOvf7f6v/BM/48ea5w==",
            "dependencies": {
                "@next/env": "13.1.1",
                "@swc/helpers": "0.4.14",
                "caniuse-lite": "^1.0.30001406",
                "postcss": "8.4.14",
                "styled-jsx": "5.1.1"
            },
            "bin": {
                "next": "dist/bin/next"
            },
            "engines": {
                "node": ">=14.6.0"
            },
            "optionalDependencies": {
                "@next/swc-android-arm-eabi": "13.1.1",
                "@next/swc-android-arm64": "13.1.1",
                "@next/swc-darwin-arm64": "13.1.1",
                "@next/swc-darwin-x64": "13.1.1",
                "@next/swc-freebsd-x64": "13.1.1",
                "@next/swc-linux-arm-gnueabihf": "13.1.1",
                "@next/swc-linux-arm64-gnu": "13.1.1",
                "@next/swc-linux-arm64-musl": "13.1.1",
                "@next/swc-linux-x64-gnu": "13.1.1",
                "@next/swc-linux-x64-musl": "13.1.1",
                "@next/swc-win32-arm64-msvc": "13.1.1",
                "@next/swc-win32-ia32-msvc": "13.1.1",
                "@next/swc-win32-x64-msvc": "13.1.1"
            },
            "peerDependencies": {
                "fibers": ">= 3.1.0",
                "node-sass": "^6.0.0 || ^7.0.0",
                "react": "^18.2.0",
                "react-dom": "^18.2.0",
                "sass": "^1.3.0"
            },
            "peerDependenciesMeta": {
                "fibers": {
                    "optional": true
                },
                "node-sass": {
                    "optional": true
                },
                "sass": {
                    "optional": true
                }
            }
        },
        "node_modules/next/node_modules/postcss": {
            "version": "8.4.14",
            "resolved": "https://registry.npmjs.org/postcss/-/postcss-8.4.14.tgz",
            "integrity": "sha512-E398TUmfAYFPBSdzgeieK2Y1+1cpdxJx8yXbK/m57nRhKSmk1GB2tO4lbLBtlkfPQTDKfe4Xqv1ASWPpayPEig==",
            "funding": [
                {
                    "type": "opencollective",
                    "url": "https://opencollective.com/postcss/"
                },
                {
                    "type": "tidelift",
                    "url": "https://tidelift.com/funding/github/npm/postcss"
                }
            ],
            "dependencies": {
                "nanoid": "^3.3.4",
                "picocolors": "^1.0.0",
                "source-map-js": "^1.0.2"
            },
            "engines": {
                "node": "^10 || ^12 || >=14"
            }
        },
        "node_modules/picocolors": {
            "version": "1.0.0",
            "resolved": "https://registry.npmjs.org/picocolors/-/picocolors-1.0.0.tgz",
            "integrity": "sha512-1fygroTLlHu66zi26VoTDv8yRgm0Fccecssto+MhsZ0D/DGW2sm8E8AjW7NU5VVTRt5GxbeZ5qBuJr+HyLYkjQ=="
        },
        "node_modules/pkcs7": {
            "version": "1.0.4",
            "resolved": "https://registry.npmjs.org/pkcs7/-/pkcs7-1.0.4.tgz",
            "integrity": "sha512-afRERtHn54AlwaF2/+LFszyAANTCggGilmcmILUzEjvs3XgFZT+xE6+QWQcAGmu4xajy+Xtj7acLOPdx5/eXWQ==",
            "dependencies": {
                "@babel/runtime": "^7.5.5"
            },
            "bin": {
                "pkcs7": "bin/cli.js"
            }
        },
        "node_modules/process": {
            "version": "0.11.10",
            "resolved": "https://registry.npmjs.org/process/-/process-0.11.10.tgz",
            "integrity": "sha512-cdGef/drWFoydD1JsMzuFf8100nZl+GT+yacc2bEced5f9Rjk4z+WtFUTBu9PhOi9j/jfmBPu0mMEY4wIdAF8A==",
            "engines": {
                "node": ">= 0.6.0"
            }
        },
        "node_modules/react": {
            "version": "18.2.0",
            "resolved": "https://registry.npmjs.org/react/-/react-18.2.0.tgz",
            "integrity": "sha512-/3IjMdb2L9QbBdWiW5e3P2/npwMBaU9mHCSCUzNln0ZCYbcfTsGbTJrU/kGemdH2IWmB2ioZ+zkxtmq6g09fGQ==",
            "dependencies": {
                "loose-envify": "^1.1.0"
            },
            "engines": {
                "node": ">=0.10.0"
            }
        },
        "node_modules/react-dom": {
            "version": "18.2.0",
            "resolved": "https://registry.npmjs.org/react-dom/-/react-dom-18.2.0.tgz",
            "integrity": "sha512-6IMTriUmvsjHUjNtEDudZfuDQUoWXVxKHhlEGSk81n4YFS+r/Kl99wXiwlVXtPBtJenozv2P+hxDsw9eA7Xo6g==",
            "dependencies": {
                "loose-envify": "^1.1.0",
                "scheduler": "^0.23.0"
            },
            "peerDependencies": {
                "react": "^18.2.0"
            }
        },
        "node_modules/react-icon": {
            "version": "1.0.0",
            "resolved": "https://registry.npmjs.org/react-icon/-/react-icon-1.0.0.tgz",
            "integrity": "sha512-VzSlpBHnLanVw79mOxyq98hWDi6DlxK9qPiZ1bAK6bLurMBCaxO/jjyYUrRx9+JGLc/NbnwOmyE/W5Qglbb2QA==",
            "peerDependencies": {
                "babel-runtime": "^5.3.3",
                "react": ">=0.12.0"
            }
        },
        "node_modules/regenerator-runtime": {
            "version": "0.13.11",
            "resolved": "https://registry.npmjs.org/regenerator-runtime/-/regenerator-runtime-0.13.11.tgz",
            "integrity": "sha512-kY1AZVr2Ra+t+piVaJ4gxaFaReZVH40AKNo7UCX6W+dEwBo/2oZJzqfuN1qLq1oL45o56cPaTXELwrTh8Fpggg=="
        },
        "node_modules/rust-result": {
            "version": "1.0.0",
            "resolved": "https://registry.npmjs.org/rust-result/-/rust-result-1.0.0.tgz",
            "integrity": "sha512-6cJzSBU+J/RJCF063onnQf0cDUOHs9uZI1oroSGnHOph+CQTIJ5Pp2hK5kEQq1+7yE/EEWfulSNXAQ2jikPthA==",
            "dependencies": {
                "individual": "^2.0.0"
            }
        },
        "node_modules/safe-json-parse": {
            "version": "4.0.0",
            "resolved": "https://registry.npmjs.org/safe-json-parse/-/safe-json-parse-4.0.0.tgz",
            "integrity": "sha512-RjZPPHugjK0TOzFrLZ8inw44s9bKox99/0AZW9o/BEQVrJfhI+fIHMErnPyRa89/yRXUUr93q+tiN6zhoVV4wQ==",
            "dependencies": {
                "rust-result": "^1.0.0"
            }
        },
        "node_modules/scheduler": {
            "version": "0.23.0",
            "resolved": "https://registry.npmjs.org/scheduler/-/scheduler-0.23.0.tgz",
            "integrity": "sha512-CtuThmgHNg7zIZWAXi3AsyIzA3n4xx7aNyjwC2VJldO2LMVDhFK+63xGqq6CsJH4rTAt6/M+N4GhZiDYPx9eUw==",
            "dependencies": {
                "loose-envify": "^1.1.0"
            }
        },
        "node_modules/source-map-js": {
            "version": "1.0.2",
            "resolved": "https://registry.npmjs.org/source-map-js/-/source-map-js-1.0.2.tgz",
            "integrity": "sha512-R0XvVJ9WusLiqTCEiGCmICCMplcCkIwwR11mOSD9CR5u+IXYdiseeEuXCVAjS54zqwkLcPNnmU4OeJ6tUrWhDw==",
            "engines": {
                "node": ">=0.10.0"
            }
        },
        "node_modules/styled-jsx": {
            "version": "5.1.1",
            "resolved": "https://registry.npmjs.org/styled-jsx/-/styled-jsx-5.1.1.tgz",
            "integrity": "sha512-pW7uC1l4mBZ8ugbiZrcIsiIvVx1UmTfw7UkC3Um2tmfUq9Bhk8IiyEIPl6F8agHgjzku6j0xQEZbfA5uSgSaCw==",
            "dependencies": {
                "client-only": "0.0.1"
            },
            "engines": {
                "node": ">= 12.0.0"
            },
            "peerDependencies": {
                "react": ">= 16.8.0 || 17.x.x || ^18.0.0-0"
            },
            "peerDependenciesMeta": {
                "@babel/core": {
                    "optional": true
                },
                "babel-plugin-macros": {
                    "optional": true
                }
            }
        },
        "node_modules/tslib": {
            "version": "2.4.1",
            "resolved": "https://registry.npmjs.org/tslib/-/tslib-2.4.1.tgz",
            "integrity": "sha512-tGyy4dAjRIEwI7BzsB0lynWgOpfqjUdq91XXAlIWD2OwKBH7oCl/GZG/HT4BOHrTlPMOASlMQ7veyTqpmRcrNA=="
        },
        "node_modules/url-toolkit": {
            "version": "2.2.5",
            "resolved": "https://registry.npmjs.org/url-toolkit/-/url-toolkit-2.2.5.tgz",
            "integrity": "sha512-mtN6xk+Nac+oyJ/PrI7tzfmomRVNFIWKUbG8jdYFt52hxbiReFAXIjYskvu64/dvuW71IcB7lV8l0HvZMac6Jg=="
        },
        "node_modules/video.js": {
            "version": "7.20.3",
            "resolved": "https://registry.npmjs.org/video.js/-/video.js-7.20.3.tgz",
            "integrity": "sha512-JMspxaK74LdfWcv69XWhX4rILywz/eInOVPdKefpQiZJSMD5O8xXYueqACP2Q5yqKstycgmmEKlJzZ+kVmDciw==",
            "dependencies": {
                "@babel/runtime": "^7.12.5",
                "@videojs/http-streaming": "2.14.3",
                "@videojs/vhs-utils": "^3.0.4",
                "@videojs/xhr": "2.6.0",
                "aes-decrypter": "3.1.3",
                "global": "^4.4.0",
                "keycode": "^2.2.0",
                "m3u8-parser": "4.7.1",
                "mpd-parser": "0.21.1",
                "mux.js": "6.0.1",
                "safe-json-parse": "4.0.0",
                "videojs-font": "3.2.0",
                "videojs-vtt.js": "^0.15.4"
            }
        },
        "node_modules/videojs-font": {
            "version": "3.2.0",
            "resolved": "https://registry.npmjs.org/videojs-font/-/videojs-font-3.2.0.tgz",
            "integrity": "sha512-g8vHMKK2/JGorSfqAZQUmYYNnXmfec4MLhwtEFS+mMs2IDY398GLysy6BH6K+aS1KMNu/xWZ8Sue/X/mdQPliA=="
        },
        "node_modules/videojs-vtt.js": {
            "version": "0.15.4",
            "resolved": "https://registry.npmjs.org/videojs-vtt.js/-/videojs-vtt.js-0.15.4.tgz",
            "integrity": "sha512-r6IhM325fcLb1D6pgsMkTQT1PpFdUdYZa1iqk7wJEu+QlibBwATPfPc9Bg8Jiym0GE5yP1AG2rMLu+QMVWkYtA==",
            "dependencies": {
                "global": "^4.3.1"
            }
        }
    }
}
